
Microsoft Visual Studio Solution File, Format Version 12.00
Project("{FAE04EC0-301F-11D3-BF4B-00C04F79EFBC}") = "DataStructures", "src\DataStructures\DataStructures.csproj", "{836EFA07-0B9B-4AC1-AC0E-A9EC75D35D3E}"
EndProject
Project("{FAE04EC0-301F-11D3-BF4B-00C04F79EFBC}") = "Algorithms", "src\Algorithms\Algorithms.csproj", "{883ADE4C-73FA-4A67-9AE9-2CFE22D54A61}"
EndProject
Global
	GlobalSection(SolutionConfigurationPlatforms) = preSolution
		Debug|Any CPU = Debug|Any CPU
		Release|Any CPU = Release|Any CPU
	EndGlobalSection
	GlobalSection(ProjectConfigurationPlatforms) = postSolution
		{836EFA07-0B9B-4AC1-AC0E-A9EC75D35D3E}.Debug|Any CPU.ActiveCfg = Debug|Any CPU
		{836EFA07-0B9B-4AC1-AC0E-A9EC75D35D3E}.Debug|Any CPU.Build.0 = Debug|Any CPU
		{836EFA07-0B9B-4AC1-AC0E-A9EC75D35D3E}.Release|Any CPU.ActiveCfg = Release|Any CPU
		{836EFA07-0B9B-4AC1-AC0E-A9EC75D35D3E}.Release|Any CPU.Build.0 = Release|Any CPU
		{883ADE4C-73FA-4A67-9AE9-2CFE22D54A61}.Debug|Any CPU.ActiveCfg = Debug|Any CPU
		{883ADE4C-73FA-4A67-9AE9-2CFE22D54A61}.Debug|Any CPU.Build.0 = Debug|Any CPU
		{883ADE4C-73FA-4A67-9AE9-2CFE22D54A61}.Release|Any CPU.ActiveCfg = Release|Any CPU
		{883ADE4C-73FA-4A67-9AE9-2CFE22D54A61}.Release|Any CPU.Build.0 = Release|Any CPU
	EndGlobalSection
EndGlobal
