
Microsoft Visual Studio Solution File, Format Version 12.00
Project("{FAE04EC0-301F-11D3-BF4B-00C04F79EFBC}") = "DataStructures", "src\DataStructures\DataStructures.csproj", "{836EFA07-0B9B-4AC1-AC0E-A9EC75D35D3E}"
EndProject
Project("{FAE04EC0-301F-11D3-BF4B-00C04F79EFBC}") = "Algorithms", "src\Algorithms\Algorithms.csproj", "{883ADE4C-73FA-4A67-9AE9-2CFE22D54A61}"
EndProject
Project("{2150E333-8FDC-42A3-9474-1A3956D46DE8}") = "Solution Items", "Solution Items", "{8C97F4CE-C230-4F12-AB98-E7DF3A4EAED2}"
	ProjectSection(SolutionItems) = preProject
		.gitignore = .gitignore
		README.md = README.md
		TODO.md = TODO.md
	EndProjectSection
EndProject
Project("{FAE04EC0-301F-11D3-BF4B-00C04F79EFBC}") = "ConsoleApp", "src\ConsoleApp\ConsoleApp.csproj", "{01E01E46-FD15-4DBF-89AB-3A50C8B47A1B}"
EndProject
Global
	GlobalSection(SolutionConfigurationPlatforms) = preSolution
		Debug|Any CPU = Debug|Any CPU
		Release|Any CPU = Release|Any CPU
	EndGlobalSection
	GlobalSection(ProjectConfigurationPlatforms) = postSolution
		{836EFA07-0B9B-4AC1-AC0E-A9EC75D35D3E}.Debug|Any CPU.ActiveCfg = Debug|Any CPU
		{836EFA07-0B9B-4AC1-AC0E-A9EC75D35D3E}.Debug|Any CPU.Build.0 = Debug|Any CPU
		{836EFA07-0B9B-4AC1-AC0E-A9EC75D35D3E}.Release|Any CPU.ActiveCfg = Release|Any CPU
		{836EFA07-0B9B-4AC1-AC0E-A9EC75D35D3E}.Release|Any CPU.Build.0 = Release|Any CPU
		{883ADE4C-73FA-4A67-9AE9-2CFE22D54A61}.Debug|Any CPU.ActiveCfg = Debug|Any CPU
		{883ADE4C-73FA-4A67-9AE9-2CFE22D54A61}.Debug|Any CPU.Build.0 = Debug|Any CPU
		{883ADE4C-73FA-4A67-9AE9-2CFE22D54A61}.Release|Any CPU.ActiveCfg = Release|Any CPU
		{883ADE4C-73FA-4A67-9AE9-2CFE22D54A61}.Release|Any CPU.Build.0 = Release|Any CPU
		{01E01E46-FD15-4DBF-89AB-3A50C8B47A1B}.Debug|Any CPU.ActiveCfg = Debug|Any CPU
		{01E01E46-FD15-4DBF-89AB-3A50C8B47A1B}.Debug|Any CPU.Build.0 = Debug|Any CPU
		{01E01E46-FD15-4DBF-89AB-3A50C8B47A1B}.Release|Any CPU.ActiveCfg = Release|Any CPU
		{01E01E46-FD15-4DBF-89AB-3A50C8B47A1B}.Release|Any CPU.Build.0 = Release|Any CPU
	EndGlobalSection
EndGlobal
